
Microsoft Visual Studio Solution File, Format Version 12.00
# Visual Studio Version 17
VisualStudioVersion = 17.7.34031.279
MinimumVisualStudioVersion = 10.0.40219.1
Project("{2150E333-8FDC-42A3-9474-1A3956D46DE8}") = "src", "src", "{304E814D-8917-4DC9-A094-C4E4F0BA5DEF}"
EndProject
Project("{9A19103F-16F7-4668-BE54-9A1E7A4F7556}") = "D20Tek.Authentication.Individual", "src\D20Tek.Authentication.Individual\D20Tek.Authentication.Individual.csproj", "{EE18F0C6-BCA3-4CD5-81F3-EECCE03E4800}"
EndProject
Project("{9A19103F-16F7-4668-BE54-9A1E7A4F7556}") = "D20Tek.Authentication.Individual.Api", "src\D20Tek.Authentication.Individual.Api\D20Tek.Authentication.Individual.Api.csproj", "{DBD1678F-E0D0-458E-8E9A-5A0AB03C7E85}"
EndProject
Project("{9A19103F-16F7-4668-BE54-9A1E7A4F7556}") = "D20Tek.Authentication.Individual.Client", "src\D20Tek.Authentication.Individual.Client\D20Tek.Authentication.Individual.Client.csproj", "{1704AB04-5D9D-45CE-BA5F-1F781B842832}"
EndProject
Project("{2150E333-8FDC-42A3-9474-1A3956D46DE8}") = "samples", "samples", "{4F6B2CFF-7006-47D2-8EE4-FC41E821EE1F}"
EndProject
Project("{FAE04EC0-301F-11D3-BF4B-00C04F79EFBC}") = "Auth.Sample.Api", "samples\Auth.Sample.Api\Auth.Sample.Api.csproj", "{929D56A1-10B4-4E43-B1AE-A34DADF1C2E4}"
EndProject
Project("{FAE04EC0-301F-11D3-BF4B-00C04F79EFBC}") = "Auth.Sample.Client", "samples\Auth.Sample.Client\Auth.Sample.Client.csproj", "{094C289B-8221-4F6E-B997-900383960FF1}"
EndProject
Global
	GlobalSection(SolutionConfigurationPlatforms) = preSolution
		Debug|Any CPU = Debug|Any CPU
		Release|Any CPU = Release|Any CPU
	EndGlobalSection
	GlobalSection(ProjectConfigurationPlatforms) = postSolution
		{EE18F0C6-BCA3-4CD5-81F3-EECCE03E4800}.Debug|Any CPU.ActiveCfg = Debug|Any CPU
		{EE18F0C6-BCA3-4CD5-81F3-EECCE03E4800}.Debug|Any CPU.Build.0 = Debug|Any CPU
		{EE18F0C6-BCA3-4CD5-81F3-EECCE03E4800}.Release|Any CPU.ActiveCfg = Release|Any CPU
		{EE18F0C6-BCA3-4CD5-81F3-EECCE03E4800}.Release|Any CPU.Build.0 = Release|Any CPU
		{DBD1678F-E0D0-458E-8E9A-5A0AB03C7E85}.Debug|Any CPU.ActiveCfg = Debug|Any CPU
		{DBD1678F-E0D0-458E-8E9A-5A0AB03C7E85}.Debug|Any CPU.Build.0 = Debug|Any CPU
		{DBD1678F-E0D0-458E-8E9A-5A0AB03C7E85}.Release|Any CPU.ActiveCfg = Release|Any CPU
		{DBD1678F-E0D0-458E-8E9A-5A0AB03C7E85}.Release|Any CPU.Build.0 = Release|Any CPU
		{1704AB04-5D9D-45CE-BA5F-1F781B842832}.Debug|Any CPU.ActiveCfg = Debug|Any CPU
		{1704AB04-5D9D-45CE-BA5F-1F781B842832}.Debug|Any CPU.Build.0 = Debug|Any CPU
		{1704AB04-5D9D-45CE-BA5F-1F781B842832}.Release|Any CPU.ActiveCfg = Release|Any CPU
		{1704AB04-5D9D-45CE-BA5F-1F781B842832}.Release|Any CPU.Build.0 = Release|Any CPU
		{929D56A1-10B4-4E43-B1AE-A34DADF1C2E4}.Debug|Any CPU.ActiveCfg = Debug|Any CPU
		{929D56A1-10B4-4E43-B1AE-A34DADF1C2E4}.Debug|Any CPU.Build.0 = Debug|Any CPU
		{929D56A1-10B4-4E43-B1AE-A34DADF1C2E4}.Release|Any CPU.ActiveCfg = Release|Any CPU
		{929D56A1-10B4-4E43-B1AE-A34DADF1C2E4}.Release|Any CPU.Build.0 = Release|Any CPU
		{094C289B-8221-4F6E-B997-900383960FF1}.Debug|Any CPU.ActiveCfg = Debug|Any CPU
		{094C289B-8221-4F6E-B997-900383960FF1}.Debug|Any CPU.Build.0 = Debug|Any CPU
		{094C289B-8221-4F6E-B997-900383960FF1}.Release|Any CPU.ActiveCfg = Release|Any CPU
		{094C289B-8221-4F6E-B997-900383960FF1}.Release|Any CPU.Build.0 = Release|Any CPU
	EndGlobalSection
	GlobalSection(SolutionProperties) = preSolution
		HideSolutionNode = FALSE
	EndGlobalSection
	GlobalSection(NestedProjects) = preSolution
		{EE18F0C6-BCA3-4CD5-81F3-EECCE03E4800} = {304E814D-8917-4DC9-A094-C4E4F0BA5DEF}
		{DBD1678F-E0D0-458E-8E9A-5A0AB03C7E85} = {304E814D-8917-4DC9-A094-C4E4F0BA5DEF}
		{1704AB04-5D9D-45CE-BA5F-1F781B842832} = {304E814D-8917-4DC9-A094-C4E4F0BA5DEF}
		{929D56A1-10B4-4E43-B1AE-A34DADF1C2E4} = {4F6B2CFF-7006-47D2-8EE4-FC41E821EE1F}
		{094C289B-8221-4F6E-B997-900383960FF1} = {4F6B2CFF-7006-47D2-8EE4-FC41E821EE1F}
	EndGlobalSection
	GlobalSection(ExtensibilityGlobals) = postSolution
		SolutionGuid = {69D4E081-27F3-4FB9-A503-06ECF10E1ECC}
	EndGlobalSection
EndGlobal
